{
  "name": "node-learn",
  "version": "1.0.0",
  "lockfileVersion": 3,
  "requires": true,
  "packages": {
    "": {
      "name": "node-learn",
      "version": "1.0.0",
      "license": "ISC",
      "workspaces": [
        "packages/*"
      ]
    },
    "node_modules/@node-learn/events": {
      "resolved": "packages/events",
      "link": true
    },
    "node_modules/@node-learn/messaging": {
      "resolved": "packages/messaging",
      "link": true
    },
    "packages/events": {
      "name": "@node-learn/events",
      "version": "1.0.0",
      "dependencies": {
        "typescript": "^5.3.0"
      }
    },
    "packages/events/node_modules/typescript": {
      "version": "5.9.3",
      "license": "Apache-2.0",
      "bin": {
        "tsc": "bin/tsc",
        "tsserver": "bin/tsserver"
      },
      "engines": {
        "node": ">=14.17"
      }
    },
    "packages/messaging": {
      "name": "@node-learn/messaging",
      "version": "1.0.0",
      "dependencies": {
        "@nestjs/common": "^11.0.0",
        "@node-learn/events": "file:../events",
        "@types/node": "^20.12.0",
        "nats": "^2.28.0",
        "typescript": "^5.3.0",
        "uuid": "^9.0.0"
      }
    },
    "packages/messaging/node_modules/@borewit/text-codec": {
      "version": "0.2.1",
      "license": "MIT",
      "funding": {
        "type": "github",
        "url": "https://github.com/sponsors/Borewit"
      }
    },
    "packages/messaging/node_modules/@lukeed/csprng": {
      "version": "1.1.0",
      "license": "MIT",
      "engines": {
        "node": ">=8"
      }
    },
    "packages/messaging/node_modules/@nestjs/common": {
      "version": "11.1.13",
      "license": "MIT",
      "dependencies": {
        "file-type": "21.3.0",
        "iterare": "1.2.1",
        "load-esm": "1.0.3",
        "tslib": "2.8.1",
        "uid": "2.0.2"
      },
      "funding": {
        "type": "opencollective",
        "url": "https://opencollective.com/nest"
      },
      "peerDependencies": {
        "class-transformer": ">=0.4.1",
        "class-validator": ">=0.13.2",
        "reflect-metadata": "^0.1.12 || ^0.2.0",
        "rxjs": "^7.1.0"
      },
      "peerDependenciesMeta": {
        "class-transformer": {
          "optional": true
        },
        "class-validator": {
          "optional": true
        }
      }
    },
    "packages/messaging/node_modules/@tokenizer/inflate": {
      "version": "0.4.1",
      "license": "MIT",
      "dependencies": {
        "debug": "^4.4.3",
        "token-types": "^6.1.1"
      },
      "engines": {
        "node": ">=18"
      },
      "funding": {
        "type": "github",
        "url": "https://github.com/sponsors/Borewit"
      }
    },
    "packages/messaging/node_modules/@tokenizer/token": {
      "version": "0.3.0",
      "license": "MIT"
    },
    "packages/messaging/node_modules/@types/node": {
      "version": "20.19.32",
      "license": "MIT",
      "dependencies": {
        "undici-types": "~6.21.0"
      }
    },
    "packages/messaging/node_modules/debug": {
      "version": "4.4.3",
      "license": "MIT",
      "dependencies": {
        "ms": "^2.1.3"
      },
      "engines": {
        "node": ">=6.0"
      },
      "peerDependenciesMeta": {
        "supports-color": {
          "optional": true
        }
      }
    },
    "packages/messaging/node_modules/file-type": {
      "version": "21.3.0",
      "license": "MIT",
      "dependencies": {
        "@tokenizer/inflate": "^0.4.1",
        "strtok3": "^10.3.4",
        "token-types": "^6.1.1",
        "uint8array-extras": "^1.4.0"
      },
      "engines": {
        "node": ">=20"
      },
      "funding": {
        "url": "https://github.com/sindresorhus/file-type?sponsor=1"
      }
    },
    "packages/messaging/node_modules/ieee754": {
      "version": "1.2.1",
      "funding": [
        {
          "type": "github",
          "url": "https://github.com/sponsors/feross"
        },
        {
          "type": "patreon",
          "url": "https://www.patreon.com/feross"
        },
        {
          "type": "consulting",
          "url": "https://feross.org/support"
        }
      ],
      "license": "BSD-3-Clause"
    },
    "packages/messaging/node_modules/iterare": {
      "version": "1.2.1",
      "license": "ISC",
      "engines": {
        "node": ">=6"
      }
    },
    "packages/messaging/node_modules/load-esm": {
      "version": "1.0.3",
      "funding": [
        {
          "type": "github",
          "url": "https://github.com/sponsors/Borewit"
        },
        {
          "type": "buymeacoffee",
          "url": "https://buymeacoffee.com/borewit"
        }
      ],
      "license": "MIT",
      "engines": {
        "node": ">=13.2.0"
      }
    },
    "packages/messaging/node_modules/ms": {
      "version": "2.1.3",
      "license": "MIT"
    },
    "packages/messaging/node_modules/nats": {
      "version": "2.29.3",
      "license": "Apache-2.0",
      "dependencies": {
        "nkeys.js": "1.1.0"
      },
      "engines": {
        "node": ">= 14.0.0"
      }
    },
    "packages/messaging/node_modules/nkeys.js": {
      "version": "1.1.0",
      "license": "Apache-2.0",
      "dependencies": {
        "tweetnacl": "1.0.3"
      },
      "engines": {
        "node": ">=10.0.0"
      }
    },
    "packages/messaging/node_modules/reflect-metadata": {
      "version": "0.2.2",
      "license": "Apache-2.0",
      "peer": true
    },
    "packages/messaging/node_modules/rxjs": {
      "version": "7.8.2",
      "license": "Apache-2.0",
      "peer": true,
      "dependencies": {
        "tslib": "^2.1.0"
      }
    },
    "packages/messaging/node_modules/strtok3": {
      "version": "10.3.4",
      "license": "MIT",
      "dependencies": {
        "@tokenizer/token": "^0.3.0"
      },
      "engines": {
        "node": ">=18"
      },
      "funding": {
        "type": "github",
        "url": "https://github.com/sponsors/Borewit"
      }
    },
    "packages/messaging/node_modules/token-types": {
      "version": "6.1.2",
      "license": "MIT",
      "dependencies": {
        "@borewit/text-codec": "^0.2.1",
        "@tokenizer/token": "^0.3.0",
        "ieee754": "^1.2.1"
      },
      "engines": {
        "node": ">=14.16"
      },
      "funding": {
        "type": "github",
        "url": "https://github.com/sponsors/Borewit"
      }
    },
    "packages/messaging/node_modules/tslib": {
      "version": "2.8.1",
      "license": "0BSD"
    },
    "packages/messaging/node_modules/tweetnacl": {
      "version": "1.0.3",
      "license": "Unlicense"
    },
    "packages/messaging/node_modules/typescript": {
      "version": "5.9.3",
      "license": "Apache-2.0",
      "bin": {
        "tsc": "bin/tsc",
        "tsserver": "bin/tsserver"
      },
      "engines": {
        "node": ">=14.17"
      }
    },
    "packages/messaging/node_modules/uid": {
      "version": "2.0.2",
      "license": "MIT",
      "dependencies": {
        "@lukeed/csprng": "^1.0.0"
      },
      "engines": {
        "node": ">=8"
      }
    },
    "packages/messaging/node_modules/uint8array-extras": {
      "version": "1.5.0",
      "license": "MIT",
      "engines": {
        "node": ">=18"
      },
      "funding": {
        "url": "https://github.com/sponsors/sindresorhus"
      }
    },
    "packages/messaging/node_modules/undici-types": {
      "version": "6.21.0",
      "license": "MIT"
    },
    "packages/messaging/node_modules/uuid": {
      "version": "9.0.1",
      "funding": [
        "https://github.com/sponsors/broofa",
        "https://github.com/sponsors/ctavan"
      ],
      "license": "MIT",
      "bin": {
        "uuid": "dist/bin/uuid"
      }
    }
  }
}
